{
  "sources": {
    "drupal": {
      "path": "."
    },
    "drush": {
      "locked_version": "0.10.0",
      "git": "https://github.com/msonnabaum/chef-drush.git",
      "ref": "6f249e914bd611ee6506f005d9c7d518baa77247"
    },
    "apache2": {
      "locked_version": "1.8.14"
    },
    "apt": {
      "locked_version": "2.3.8"
    },
    "build-essential": {
      "locked_version": "1.4.2"
    },
    "git": {
      "locked_version": "2.9.0"
    },
    "dmg": {
      "locked_version": "2.0.8"
    },
    "windows": {
      "locked_version": "1.11.0"
    },
    "chef_handler": {
      "locked_version": "1.1.4"
    },
    "runit": {
      "locked_version": "1.4.0"
    },
    "yum": {
      "locked_version": "3.0.6"
    },
    "yum-epel": {
      "locked_version": "0.2.0"
    },
    "mysql": {
      "locked_version": "4.0.20"
    },
    "openssl": {
      "locked_version": "1.1.0"
    },
    "php": {
      "locked_version": "1.3.14"
    },
    "xml": {
      "locked_version": "1.2.0"
    },
    "iis": {
      "locked_version": "2.0.0"
    }
  }
}
